// !$*UTF8*$!
{
	archiveVersion = 1;
	classes = {
	};
	objectVersion = 55;
	objects = {

/* Begin PBXBuildFile section */
		6BB6F84C2755E6A800ACF6EF /* AppDelegate.swift in Sources */ = {isa = PBXBuildFile; fileRef = 6BB6F84B2755E6A800ACF6EF /* AppDelegate.swift */; };
		6BB6F84E2755E6A800ACF6EF /* SceneDelegate.swift in Sources */ = {isa = PBXBuildFile; fileRef = 6BB6F84D2755E6A800ACF6EF /* SceneDelegate.swift */; };
		6BB6F8532755E6A800ACF6EF /* Main.storyboard in Resources */ = {isa = PBXBuildFile; fileRef = 6BB6F8512755E6A800ACF6EF /* Main.storyboard */; };
		6BB6F8552755E6AA00ACF6EF /* Assets.xcassets in Resources */ = {isa = PBXBuildFile; fileRef = 6BB6F8542755E6AA00ACF6EF /* Assets.xcassets */; };
		6BB6F8582755E6AA00ACF6EF /* LaunchScreen.storyboard in Resources */ = {isa = PBXBuildFile; fileRef = 6BB6F8562755E6AA00ACF6EF /* LaunchScreen.storyboard */; };
		6BB6F8602755E77F00ACF6EF /* GoogleService-Info.plist in Resources */ = {isa = PBXBuildFile; fileRef = 6BB6F85F2755E77E00ACF6EF /* GoogleService-Info.plist */; };
		6BB6F8632755E7DA00ACF6EF /* FirebaseAuth in Frameworks */ = {isa = PBXBuildFile; productRef = 6BB6F8622755E7DA00ACF6EF /* FirebaseAuth */; };
		6BB6F8652755E7DA00ACF6EF /* FirebaseDatabase in Frameworks */ = {isa = PBXBuildFile; productRef = 6BB6F8642755E7DA00ACF6EF /* FirebaseDatabase */; };
		6BB6F8672755E7DA00ACF6EF /* FirebaseFirestore in Frameworks */ = {isa = PBXBuildFile; productRef = 6BB6F8662755E7DA00ACF6EF /* FirebaseFirestore */; };
		6BB6F8692755E7DA00ACF6EF /* FirebaseInstallations in Frameworks */ = {isa = PBXBuildFile; productRef = 6BB6F8682755E7DA00ACF6EF /* FirebaseInstallations */; };
		6BB6F86B2755E7DA00ACF6EF /* FirebaseMessaging in Frameworks */ = {isa = PBXBuildFile; productRef = 6BB6F86A2755E7DA00ACF6EF /* FirebaseMessaging */; };
		6BB6F86D2755E7DA00ACF6EF /* FirebaseStorage in Frameworks */ = {isa = PBXBuildFile; productRef = 6BB6F86C2755E7DA00ACF6EF /* FirebaseStorage */; };
		6BB6F86F2755E93F00ACF6EF /* WelcomeViewController.swift in Sources */ = {isa = PBXBuildFile; fileRef = 6BB6F86E2755E93F00ACF6EF /* WelcomeViewController.swift */; };
		6BB6F8712755EEAD00ACF6EF /* LoginViewController.swift in Sources */ = {isa = PBXBuildFile; fileRef = 6BB6F8702755EEAD00ACF6EF /* LoginViewController.swift */; };
		6BB6F8732755EFF500ACF6EF /* RegistrationViewController.swift in Sources */ = {isa = PBXBuildFile; fileRef = 6BB6F8722755EFF500ACF6EF /* RegistrationViewController.swift */; };
		6BB6F8752755F4F000ACF6EF /* ChatViewController.swift in Sources */ = {isa = PBXBuildFile; fileRef = 6BB6F8742755F4EF00ACF6EF /* ChatViewController.swift */; };
		6BB6F8782755F96F00ACF6EF /* MessageCell.swift in Sources */ = {isa = PBXBuildFile; fileRef = 6BB6F8762755F96F00ACF6EF /* MessageCell.swift */; };
		6BB6F8792755F96F00ACF6EF /* MessageCell.xib in Resources */ = {isa = PBXBuildFile; fileRef = 6BB6F8772755F96F00ACF6EF /* MessageCell.xib */; };
		6BB6F87B2755FAAE00ACF6EF /* Message.swift in Sources */ = {isa = PBXBuildFile; fileRef = 6BB6F87A2755FAAE00ACF6EF /* Message.swift */; };
/* End PBXBuildFile section */

/* Begin PBXFileReference section */
		6BB6F8482755E6A800ACF6EF /* FireChat.app */ = {isa = PBXFileReference; explicitFileType = wrapper.application; includeInIndex = 0; path = FireChat.app; sourceTree = BUILT_PRODUCTS_DIR; };
		6BB6F84B2755E6A800ACF6EF /* AppDelegate.swift */ = {isa = PBXFileReference; lastKnownFileType = sourcecode.swift; path = AppDelegate.swift; sourceTree = "<group>"; };
		6BB6F84D2755E6A800ACF6EF /* SceneDelegate.swift */ = {isa = PBXFileReference; lastKnownFileType = sourcecode.swift; path = SceneDelegate.swift; sourceTree = "<group>"; };
		6BB6F8522755E6A800ACF6EF /* Base */ = {isa = PBXFileReference; lastKnownFileType = file.storyboard; name = Base; path = Base.lproj/Main.storyboard; sourceTree = "<group>"; };
		6BB6F8542755E6AA00ACF6EF /* Assets.xcassets */ = {isa = PBXFileReference; lastKnownFileType = folder.assetcatalog; path = Assets.xcassets; sourceTree = "<group>"; };
		6BB6F8572755E6AA00ACF6EF /* Base */ = {isa = PBXFileReference; lastKnownFileType = file.storyboard; name = Base; path = Base.lproj/LaunchScreen.storyboard; sourceTree = "<group>"; };
		6BB6F8592755E6AA00ACF6EF /* Info.plist */ = {isa = PBXFileReference; lastKnownFileType = text.plist.xml; path = Info.plist; sourceTree = "<group>"; };
		6BB6F85F2755E77E00ACF6EF /* GoogleService-Info.plist */ = {isa = PBXFileReference; fileEncoding = 4; lastKnownFileType = text.plist.xml; path = "GoogleService-Info.plist"; sourceTree = "<group>"; };
		6BB6F86E2755E93F00ACF6EF /* WelcomeViewController.swift */ = {isa = PBXFileReference; lastKnownFileType = sourcecode.swift; path = WelcomeViewController.swift; sourceTree = "<group>"; };
		6BB6F8702755EEAD00ACF6EF /* LoginViewController.swift */ = {isa = PBXFileReference; lastKnownFileType = sourcecode.swift; path = LoginViewController.swift; sourceTree = "<group>"; };
		6BB6F8722755EFF500ACF6EF /* RegistrationViewController.swift */ = {isa = PBXFileReference; lastKnownFileType = sourcecode.swift; path = RegistrationViewController.swift; sourceTree = "<group>"; };
		6BB6F8742755F4EF00ACF6EF /* ChatViewController.swift */ = {isa = PBXFileReference; lastKnownFileType = sourcecode.swift; path = ChatViewController.swift; sourceTree = "<group>"; };
		6BB6F8762755F96F00ACF6EF /* MessageCell.swift */ = {isa = PBXFileReference; lastKnownFileType = sourcecode.swift; path = MessageCell.swift; sourceTree = "<group>"; };
		6BB6F8772755F96F00ACF6EF /* MessageCell.xib */ = {isa = PBXFileReference; lastKnownFileType = file.xib; path = MessageCell.xib; sourceTree = "<group>"; };
		6BB6F87A2755FAAE00ACF6EF /* Message.swift */ = {isa = PBXFileReference; lastKnownFileType = sourcecode.swift; path = Message.swift; sourceTree = "<group>"; };
/* End PBXFileReference section */

/* Begin PBXFrameworksBuildPhase section */
		6BB6F8452755E6A800ACF6EF /* Frameworks */ = {
			isa = PBXFrameworksBuildPhase;
			buildActionMask = 2147483647;
			files = (
				6BB6F8652755E7DA00ACF6EF /* FirebaseDatabase in Frameworks */,
				6BB6F8632755E7DA00ACF6EF /* FirebaseAuth in Frameworks */,
				6BB6F86B2755E7DA00ACF6EF /* FirebaseMessaging in Frameworks */,
				6BB6F8672755E7DA00ACF6EF /* FirebaseFirestore in Frameworks */,
				6BB6F8692755E7DA00ACF6EF /* FirebaseInstallations in Frameworks */,
				6BB6F86D2755E7DA00ACF6EF /* FirebaseStorage in Frameworks */,
			);
			runOnlyForDeploymentPostprocessing = 0;
		};
/* End PBXFrameworksBuildPhase section */

/* Begin PBXGroup section */
		6BB6F83F2755E6A800ACF6EF = {
			isa = PBXGroup;
			children = (
				6BB6F84A2755E6A800ACF6EF /* FireChat */,
				6BB6F8492755E6A800ACF6EF /* Products */,
			);
			sourceTree = "<group>";
		};
		6BB6F8492755E6A800ACF6EF /* Products */ = {
			isa = PBXGroup;
			children = (
				6BB6F8482755E6A800ACF6EF /* FireChat.app */,
			);
			name = Products;
			sourceTree = "<group>";
		};
		6BB6F84A2755E6A800ACF6EF /* FireChat */ = {
			isa = PBXGroup;
			children = (
				6BB6F84B2755E6A800ACF6EF /* AppDelegate.swift */,
				6BB6F84D2755E6A800ACF6EF /* SceneDelegate.swift */,
				6BB6F8512755E6A800ACF6EF /* Main.storyboard */,
				6BB6F8762755F96F00ACF6EF /* MessageCell.swift */,
				6BB6F8772755F96F00ACF6EF /* MessageCell.xib */,
				6BB6F87A2755FAAE00ACF6EF /* Message.swift */,
				6BB6F8742755F4EF00ACF6EF /* ChatViewController.swift */,
				6BB6F8722755EFF500ACF6EF /* RegistrationViewController.swift */,
				6BB6F8702755EEAD00ACF6EF /* LoginViewController.swift */,
				6BB6F86E2755E93F00ACF6EF /* WelcomeViewController.swift */,
				6BB6F8542755E6AA00ACF6EF /* Assets.xcassets */,
				6BB6F8562755E6AA00ACF6EF /* LaunchScreen.storyboard */,
				6BB6F8592755E6AA00ACF6EF /* Info.plist */,
				6BB6F85F2755E77E00ACF6EF /* GoogleService-Info.plist */,
			);
			path = FireChat;
			sourceTree = "<group>";
		};
/* End PBXGroup section */

/* Begin PBXNativeTarget section */
		6BB6F8472755E6A800ACF6EF /* FireChat */ = {
			isa = PBXNativeTarget;
			buildConfigurationList = 6BB6F85C2755E6AA00ACF6EF /* Build configuration list for PBXNativeTarget "FireChat" */;
			buildPhases = (
				6BB6F8442755E6A800ACF6EF /* Sources */,
				6BB6F8452755E6A800ACF6EF /* Frameworks */,
				6BB6F8462755E6A800ACF6EF /* Resources */,
			);
			buildRules = (
			);
			dependencies = (
			);
			name = FireChat;
			packageProductDependencies = (
				6BB6F8622755E7DA00ACF6EF /* FirebaseAuth */,
				6BB6F8642755E7DA00ACF6EF /* FirebaseDatabase */,
				6BB6F8662755E7DA00ACF6EF /* FirebaseFirestore */,
				6BB6F8682755E7DA00ACF6EF /* FirebaseInstallations */,
				6BB6F86A2755E7DA00ACF6EF /* FirebaseMessaging */,
				6BB6F86C2755E7DA00ACF6EF /* FirebaseStorage */,
			);
			productName = FireChat;
			productReference = 6BB6F8482755E6A800ACF6EF /* FireChat.app */;
			productType = "com.apple.product-type.application";
		};
/* End PBXNativeTarget section */

/* Begin PBXProject section */
		6BB6F8402755E6A800ACF6EF /* Project object */ = {
			isa = PBXProject;
			attributes = {
				BuildIndependentTargetsInParallel = 1;
				LastSwiftUpdateCheck = 1310;
				LastUpgradeCheck = 1310;
				TargetAttributes = {
					6BB6F8472755E6A800ACF6EF = {
						CreatedOnToolsVersion = 13.1;
					};
				};
			};
			buildConfigurationList = 6BB6F8432755E6A800ACF6EF /* Build configuration list for PBXProject "FireChat" */;
			compatibilityVersion = "Xcode 13.0";
			developmentRegion = en;
			hasScannedForEncodings = 0;
			knownRegions = (
				en,
				Base,
			);
			mainGroup = 6BB6F83F2755E6A800ACF6EF;
			packageReferences = (
				6BB6F8612755E7DA00ACF6EF /* XCRemoteSwiftPackageReference "firebase-ios-sdk" */,
			);
			productRefGroup = 6BB6F8492755E6A800ACF6EF /* Products */;
			projectDirPath = "";
			projectRoot = "";
			targets = (
				6BB6F8472755E6A800ACF6EF /* FireChat */,
			);
		};
/* End PBXProject section */

/* Begin PBXResourcesBuildPhase section */
		6BB6F8462755E6A800ACF6EF /* Resources */ = {
			isa = PBXResourcesBuildPhase;
			buildActionMask = 2147483647;
			files = (
				6BB6F8792755F96F00ACF6EF /* MessageCell.xib in Resources */,
				6BB6F8582755E6AA00ACF6EF /* LaunchScreen.storyboard in Resources */,
				6BB6F8602755E77F00ACF6EF /* GoogleService-Info.plist in Resources */,
				6BB6F8552755E6AA00ACF6EF /* Assets.xcassets in Resources */,
				6BB6F8532755E6A800ACF6EF /* Main.storyboard in Resources */,
			);
			runOnlyForDeploymentPostprocessing = 0;
		};
/* End PBXResourcesBuildPhase section */

/* Begin PBXSourcesBuildPhase section */
		6BB6F8442755E6A800ACF6EF /* Sources */ = {
			isa = PBXSourcesBuildPhase;
			buildActionMask = 2147483647;
			files = (
				6BB6F8732755EFF500ACF6EF /* RegistrationViewController.swift in Sources */,
				6BB6F86F2755E93F00ACF6EF /* WelcomeViewController.swift in Sources */,
				6BB6F84C2755E6A800ACF6EF /* AppDelegate.swift in Sources */,
				6BB6F8712755EEAD00ACF6EF /* LoginViewController.swift in Sources */,
				6BB6F8752755F4F000ACF6EF /* ChatViewController.swift in Sources */,
				6BB6F87B2755FAAE00ACF6EF /* Message.swift in Sources */,
				6BB6F84E2755E6A800ACF6EF /* SceneDelegate.swift in Sources */,
				6BB6F8782755F96F00ACF6EF /* MessageCell.swift in Sources */,
			);
			runOnlyForDeploymentPostprocessing = 0;
		};
/* End PBXSourcesBuildPhase section */

/* Begin PBXVariantGroup section */
		6BB6F8512755E6A800ACF6EF /* Main.storyboard */ = {
			isa = PBXVariantGroup;
			children = (
				6BB6F8522755E6A800ACF6EF /* Base */,
			);
			name = Main.storyboard;
			sourceTree = "<group>";
		};
		6BB6F8562755E6AA00ACF6EF /* LaunchScreen.storyboard */ = {
			isa = PBXVariantGroup;
			children = (
				6BB6F8572755E6AA00ACF6EF /* Base */,
			);
			name = LaunchScreen.storyboard;
			sourceTree = "<group>";
		};
/* End PBXVariantGroup section */

/* Begin XCBuildConfiguration section */
		6BB6F85A2755E6AA00ACF6EF /* Debug */ = {
			isa = XCBuildConfiguration;
			buildSettings = {
				ALWAYS_SEARCH_USER_PATHS = NO;
				CLANG_ANALYZER_NONNULL = YES;
				CLANG_ANALYZER_NUMBER_OBJECT_CONVERSION = YES_AGGRESSIVE;
				CLANG_CXX_LANGUAGE_STANDARD = "gnu++17";
				CLANG_CXX_LIBRARY = "libc++";
				CLANG_ENABLE_MODULES = YES;
				CLANG_ENABLE_OBJC_ARC = YES;
				CLANG_ENABLE_OBJC_WEAK = YES;
				CLANG_WARN_BLOCK_CAPTURE_AUTORELEASING = YES;
				CLANG_WARN_BOOL_CONVERSION = YES;
				CLANG_WARN_COMMA = YES;
				CLANG_WARN_CONSTANT_CONVERSION = YES;
				CLANG_WARN_DEPRECATED_OBJC_IMPLEMENTATIONS = YES;
				CLANG_WARN_DIRECT_OBJC_ISA_USAGE = YES_ERROR;
				CLANG_WARN_DOCUMENTATION_COMMENTS = YES;
				CLANG_WARN_EMPTY_BODY = YES;
				CLANG_WARN_ENUM_CONVERSION = YES;
				CLANG_WARN_INFINITE_RECURSION = YES;
				CLANG_WARN_INT_CONVERSION = YES;
				CLANG_WARN_NON_LITERAL_NULL_CONVERSION = YES;
				CLANG_WARN_OBJC_IMPLICIT_RETAIN_SELF = YES;
				CLANG_WARN_OBJC_LITERAL_CONVERSION = YES;
				CLANG_WARN_OBJC_ROOT_CLASS = YES_ERROR;
				CLANG_WARN_QUOTED_INCLUDE_IN_FRAMEWORK_HEADER = YES;
				CLANG_WARN_RANGE_LOOP_ANALYSIS = YES;
				CLANG_WARN_STRICT_PROTOTYPES = YES;
				CLANG_WARN_SUSPICIOUS_MOVE = YES;
				CLANG_WARN_UNGUARDED_AVAILABILITY = YES_AGGRESSIVE;
				CLANG_WARN_UNREACHABLE_CODE = YES;
				CLANG_WARN__DUPLICATE_METHOD_MATCH = YES;
				COPY_PHASE_STRIP = NO;
				DEBUG_INFORMATION_FORMAT = dwarf;
				ENABLE_STRICT_OBJC_MSGSEND = YES;
				ENABLE_TESTABILITY = YES;
				GCC_C_LANGUAGE_STANDARD = gnu11;
				GCC_DYNAMIC_NO_PIC = NO;
				GCC_NO_COMMON_BLOCKS = YES;
				GCC_OPTIMIZATION_LEVEL = 0;
				GCC_PREPROCESSOR_DEFINITIONS = (
					"DEBUG=1",
					"$(inherited)",
				);
				GCC_WARN_64_TO_32_BIT_CONVERSION = YES;
				GCC_WARN_ABOUT_RETURN_TYPE = YES_ERROR;
				GCC_WARN_UNDECLARED_SELECTOR = YES;
				GCC_WARN_UNINITIALIZED_AUTOS = YES_AGGRESSIVE;
				GCC_WARN_UNUSED_FUNCTION = YES;
				GCC_WARN_UNUSED_VARIABLE = YES;
				IPHONEOS_DEPLOYMENT_TARGET = 15.0;
				MTL_ENABLE_DEBUG_INFO = INCLUDE_SOURCE;
				MTL_FAST_MATH = YES;
				ONLY_ACTIVE_ARCH = YES;
				SDKROOT = iphoneos;
				SWIFT_ACTIVE_COMPILATION_CONDITIONS = DEBUG;
				SWIFT_OPTIMIZATION_LEVEL = "-Onone";
			};
			name = Debug;
		};
		6BB6F85B2755E6AA00ACF6EF /* Release */ = {
			isa = XCBuildConfiguration;
			buildSettings = {
				ALWAYS_SEARCH_USER_PATHS = NO;
				CLANG_ANALYZER_NONNULL = YES;
				CLANG_ANALYZER_NUMBER_OBJECT_CONVERSION = YES_AGGRESSIVE;
				CLANG_CXX_LANGUAGE_STANDARD = "gnu++17";
				CLANG_CXX_LIBRARY = "libc++";
				CLANG_ENABLE_MODULES = YES;
				CLANG_ENABLE_OBJC_ARC = YES;
				CLANG_ENABLE_OBJC_WEAK = YES;
				CLANG_WARN_BLOCK_CAPTURE_AUTORELEASING = YES;
				CLANG_WARN_BOOL_CONVERSION = YES;
				CLANG_WARN_COMMA = YES;
				CLANG_WARN_CONSTANT_CONVERSION = YES;
				CLANG_WARN_DEPRECATED_OBJC_IMPLEMENTATIONS = YES;
				CLANG_WARN_DIRECT_OBJC_ISA_USAGE = YES_ERROR;
				CLANG_WARN_DOCUMENTATION_COMMENTS = YES;
				CLANG_WARN_EMPTY_BODY = YES;
				CLANG_WARN_ENUM_CONVERSION = YES;
				CLANG_WARN_INFINITE_RECURSION = YES;
				CLANG_WARN_INT_CONVERSION = YES;
				CLANG_WARN_NON_LITERAL_NULL_CONVERSION = YES;
				CLANG_WARN_OBJC_IMPLICIT_RETAIN_SELF = YES;
				CLANG_WARN_OBJC_LITERAL_CONVERSION = YES;
				CLANG_WARN_OBJC_ROOT_CLASS = YES_ERROR;
				CLANG_WARN_QUOTED_INCLUDE_IN_FRAMEWORK_HEADER = YES;
				CLANG_WARN_RANGE_LOOP_ANALYSIS = YES;
				CLANG_WARN_STRICT_PROTOTYPES = YES;
				CLANG_WARN_SUSPICIOUS_MOVE = YES;
				CLANG_WARN_UNGUARDED_AVAILABILITY = YES_AGGRESSIVE;
				CLANG_WARN_UNREACHABLE_CODE = YES;
				CLANG_WARN__DUPLICATE_METHOD_MATCH = YES;
				COPY_PHASE_STRIP = NO;
				DEBUG_INFORMATION_FORMAT = "dwarf-with-dsym";
				ENABLE_NS_ASSERTIONS = NO;
				ENABLE_STRICT_OBJC_MSGSEND = YES;
				GCC_C_LANGUAGE_STANDARD = gnu11;
				GCC_NO_COMMON_BLOCKS = YES;
				GCC_WARN_64_TO_32_BIT_CONVERSION = YES;
				GCC_WARN_ABOUT_RETURN_TYPE = YES_ERROR;
				GCC_WARN_UNDECLARED_SELECTOR = YES;
				GCC_WARN_UNINITIALIZED_AUTOS = YES_AGGRESSIVE;
				GCC_WARN_UNUSED_FUNCTION = YES;
				GCC_WARN_UNUSED_VARIABLE = YES;
				IPHONEOS_DEPLOYMENT_TARGET = 15.0;
				MTL_ENABLE_DEBUG_INFO = NO;
				MTL_FAST_MATH = YES;
				SDKROOT = iphoneos;
				SWIFT_COMPILATION_MODE = wholemodule;
				SWIFT_OPTIMIZATION_LEVEL = "-O";
				VALIDATE_PRODUCT = YES;
			};
			name = Release;
		};
		6BB6F85D2755E6AA00ACF6EF /* Debug */ = {
			isa = XCBuildConfiguration;
			buildSettings = {
				ASSETCATALOG_COMPILER_APPICON_NAME = AppIcon;
				ASSETCATALOG_COMPILER_GLOBAL_ACCENT_COLOR_NAME = AccentColor;
				CODE_SIGN_STYLE = Automatic;
				CURRENT_PROJECT_VERSION = 1;
				DEVELOPMENT_TEAM = 37PM2TP524;
				GENERATE_INFOPLIST_FILE = YES;
				INFOPLIST_FILE = FireChat/Info.plist;
				INFOPLIST_KEY_UIApplicationSupportsIndirectInputEvents = YES;
				INFOPLIST_KEY_UILaunchStoryboardName = LaunchScreen;
				INFOPLIST_KEY_UIMainStoryboardFile = Main;
				INFOPLIST_KEY_UISupportedInterfaceOrientations_iPad = "UIInterfaceOrientationPortrait UIInterfaceOrientationPortraitUpsideDown UIInterfaceOrientationLandscapeLeft UIInterfaceOrientationLandscapeRight";
				INFOPLIST_KEY_UISupportedInterfaceOrientations_iPhone = "UIInterfaceOrientationPortrait UIInterfaceOrientationLandscapeLeft UIInterfaceOrientationLandscapeRight";
				LD_RUNPATH_SEARCH_PATHS = (
					"$(inherited)",
					"@executable_path/Frameworks",
				);
				MARKETING_VERSION = 1.0;
				PRODUCT_BUNDLE_IDENTIFIER = com.muhammadhuzaifakhalid.FireChat;
				PRODUCT_NAME = "$(TARGET_NAME)";
				SWIFT_EMIT_LOC_STRINGS = YES;
				SWIFT_VERSION = 5.0;
				TARGETED_DEVICE_FAMILY = "1,2";
			};
			name = Debug;
		};
		6BB6F85E2755E6AA00ACF6EF /* Release */ = {
			isa = XCBuildConfiguration;
			buildSettings = {
				ASSETCATALOG_COMPILER_APPICON_NAME = AppIcon;
				ASSETCATALOG_COMPILER_GLOBAL_ACCENT_COLOR_NAME = AccentColor;
				CODE_SIGN_STYLE = Automatic;
				CURRENT_PROJECT_VERSION = 1;
				DEVELOPMENT_TEAM = 37PM2TP524;
				GENERATE_INFOPLIST_FILE = YES;
				INFOPLIST_FILE = FireChat/Info.plist;
				INFOPLIST_KEY_UIApplicationSupportsIndirectInputEvents = YES;
				INFOPLIST_KEY_UILaunchStoryboardName = LaunchScreen;
				INFOPLIST_KEY_UIMainStoryboardFile = Main;
				INFOPLIST_KEY_UISupportedInterfaceOrientations_iPad = "UIInterfaceOrientationPortrait UIInterfaceOrientationPortraitUpsideDown UIInterfaceOrientationLandscapeLeft UIInterfaceOrientationLandscapeRight";
				INFOPLIST_KEY_UISupportedInterfaceOrientations_iPhone = "UIInterfaceOrientationPortrait UIInterfaceOrientationLandscapeLeft UIInterfaceOrientationLandscapeRight";
				LD_RUNPATH_SEARCH_PATHS = (
					"$(inherited)",
					"@executable_path/Frameworks",
				);
				MARKETING_VERSION = 1.0;
				PRODUCT_BUNDLE_IDENTIFIER = com.muhammadhuzaifakhalid.FireChat;
				PRODUCT_NAME = "$(TARGET_NAME)";
				SWIFT_EMIT_LOC_STRINGS = YES;
				SWIFT_VERSION = 5.0;
				TARGETED_DEVICE_FAMILY = "1,2";
			};
			name = Release;
		};
/* End XCBuildConfiguration section */

/* Begin XCConfigurationList section */
		6BB6F8432755E6A800ACF6EF /* Build configuration list for PBXProject "FireChat" */ = {
			isa = XCConfigurationList;
			buildConfigurations = (
				6BB6F85A2755E6AA00ACF6EF /* Debug */,
				6BB6F85B2755E6AA00ACF6EF /* Release */,
			);
			defaultConfigurationIsVisible = 0;
			defaultConfigurationName = Release;
		};
		6BB6F85C2755E6AA00ACF6EF /* Build configuration list for PBXNativeTarget "FireChat" */ = {
			isa = XCConfigurationList;
			buildConfigurations = (
				6BB6F85D2755E6AA00ACF6EF /* Debug */,
				6BB6F85E2755E6AA00ACF6EF /* Release */,
			);
			defaultConfigurationIsVisible = 0;
			defaultConfigurationName = Release;
		};
/* End XCConfigurationList section */

/* Begin XCRemoteSwiftPackageReference section */
		6BB6F8612755E7DA00ACF6EF /* XCRemoteSwiftPackageReference "firebase-ios-sdk" */ = {
			isa = XCRemoteSwiftPackageReference;
			repositoryURL = "https://github.com/firebase/firebase-ios-sdk";
			requirement = {
				branch = master;
				kind = branch;
			};
		};
/* End XCRemoteSwiftPackageReference section */

/* Begin XCSwiftPackageProductDependency section */
		6BB6F8622755E7DA00ACF6EF /* FirebaseAuth */ = {
			isa = XCSwiftPackageProductDependency;
			package = 6BB6F8612755E7DA00ACF6EF /* XCRemoteSwiftPackageReference "firebase-ios-sdk" */;
			productName = FirebaseAuth;
		};
		6BB6F8642755E7DA00ACF6EF /* FirebaseDatabase */ = {
			isa = XCSwiftPackageProductDependency;
			package = 6BB6F8612755E7DA00ACF6EF /* XCRemoteSwiftPackageReference "firebase-ios-sdk" */;
			productName = FirebaseDatabase;
		};
		6BB6F8662755E7DA00ACF6EF /* FirebaseFirestore */ = {
			isa = XCSwiftPackageProductDependency;
			package = 6BB6F8612755E7DA00ACF6EF /* XCRemoteSwiftPackageReference "firebase-ios-sdk" */;
			productName = FirebaseFirestore;
		};
		6BB6F8682755E7DA00ACF6EF /* FirebaseInstallations */ = {
			isa = XCSwiftPackageProductDependency;
			package = 6BB6F8612755E7DA00ACF6EF /* XCRemoteSwiftPackageReference "firebase-ios-sdk" */;
			productName = FirebaseInstallations;
		};
		6BB6F86A2755E7DA00ACF6EF /* FirebaseMessaging */ = {
			isa = XCSwiftPackageProductDependency;
			package = 6BB6F8612755E7DA00ACF6EF /* XCRemoteSwiftPackageReference "firebase-ios-sdk" */;
			productName = FirebaseMessaging;
		};
		6BB6F86C2755E7DA00ACF6EF /* FirebaseStorage */ = {
			isa = XCSwiftPackageProductDependency;
			package = 6BB6F8612755E7DA00ACF6EF /* XCRemoteSwiftPackageReference "firebase-ios-sdk" */;
			productName = FirebaseStorage;
		};
/* End XCSwiftPackageProductDependency section */
	};
	rootObject = 6BB6F8402755E6A800ACF6EF /* Project object */;
}
